hash: 9517d85eeaffd666652ae488314ed038d321d30561c2baaaac70dff0800d9e88
updated: 2019-01-22T15:46:56.561145859Z
imports:
- name: github.com/beorn7/perks
  version: 3a771d992973f24aa725d07868b467d1ddfceafb
  subpackages:
  - quantile
- name: github.com/envoyproxy/data-plane-api
  version: 03f20aada15e569b531b7dbc105d44a94d47b24a
  subpackages:
  - envoy/service/auth/v2alpha
- name: github.com/ghodss/yaml
  version: c7ce16629ff4cd059ed96ed06419dd3856fd3577
- name: github.com/gobwas/glob
  version: 5ccd90ef52e1e632236f7326478d4faa74f99438
  subpackages:
  - compiler
  - match
  - syntax
  - syntax/ast
  - syntax/lexer
  - util/runes
  - util/strings
- name: github.com/gogo/googleapis
  version: 8558fb44d2f1fc223118afc694129d2c2d2924d1
  subpackages:
  - google/rpc
- name: github.com/gogo/protobuf
  version: 8e4a75f11384d0fb2188d872d456407e41f33fc0
  subpackages:
  - proto
  - sortkeys
  - types
- name: github.com/golang/lint
  version: 8f45f776aaf18cebc8d65861cc70c33c60471952
- name: github.com/golang/protobuf
  version: 347cf4a86c1cb8d262994d8ef5924d4576c5b331
  subpackages:
  - proto
  - ptypes
  - ptypes/any
  - ptypes/duration
  - ptypes/timestamp
- name: github.com/gorilla/mux
  version: 08e7f807d38d6a870193019bb439056118661505
- name: github.com/inconshreveable/mousetrap
  version: 76626ae9c91c4f2a10f34cad8ce83ea42c93bb75
- name: github.com/lyft/protoc-gen-validate
  version: 930a67cf7ba41b9d9436ad7a1be70a5d5ff6e1fc
- name: github.com/mattn/go-runewidth
  version: 703b5e6b11ae25aeb2af9ebb5d5fdf8fa2575211
- name: github.com/matttproud/golang_protobuf_extensions
  version: c182affec369e30f25d3eb8cd8a478dee585ae7d
  subpackages:
  - pbutil
- name: github.com/olekukonko/tablewriter
  version: e6d60cf7ba1f42d86d54cdf5508611c4aafb3970
- name: github.com/OneOfOne/xxhash
  version: 74ace4fe5525ef62ce28d5093d6b0faaa6a575f3
- name: github.com/open-policy-agent/opa
  version: a8526712721f1f4acd19a1b7ad844db79f1ccfed
  subpackages:
  - ast
  - bundle
  - cmd
  - config
  - cover
  - dependencies
  - download
  - format
  - internal/compiler/wasm
  - internal/compiler/wasm/opa
  - internal/ir
  - internal/leb128
  - internal/planner
  - internal/presentation
  - internal/runtime
  - internal/wasm/constant
  - internal/wasm/encoding
  - internal/wasm/instruction
  - internal/wasm/module
  - internal/wasm/opcode
  - internal/wasm/types
  - loader
  - metrics
  - plugins
  - plugins/bundle
  - plugins/discovery
  - plugins/logs
  - plugins/rest
  - plugins/status
  - profiler
  - rego
  - repl
  - runtime
  - server
  - server/authorizer
  - server/identifier
  - server/types
  - server/writer
  - storage
  - storage/inmem
  - tester
  - topdown
  - topdown/builtins
  - topdown/copypropagation
  - types
  - util
  - version
  - watch
- name: github.com/peterh/liner
  version: bf27d3ba8e1d9899d45a457ffac16c953eb2d647
- name: github.com/pkg/errors
  version: ffb6e22f01932bf7ac35e0bad9be11f01d1c8685
- name: github.com/prometheus/client_golang
  version: 26e258bb9c9a94c26d4a46ff302ec7e855b82e10
  subpackages:
  - prometheus
  - prometheus/internal
  - prometheus/promhttp
- name: github.com/prometheus/client_model
  version: 56726106282f1985ea77d5305743db7231b0c0a8
  subpackages:
  - go
- name: github.com/prometheus/common
  version: 2998b132700a7d019ff618c06a234b47c1f3f681
  subpackages:
  - expfmt
  - internal/bitbucket.org/ww/goautoneg
  - model
- name: github.com/prometheus/procfs
  version: bf6a532e95b1f7a62adf0ab5050a5bb2237ad2f4
  subpackages:
  - internal/util
  - nfs
  - xfs
- name: github.com/rcrowley/go-metrics
  version: 3113b8401b8a98917cde58f8bbd42a1b1c03b1fd
- name: github.com/sirupsen/logrus
  version: f006c2ac4710855cf0f916dd6b77acf6b048dc6e
- name: github.com/spf13/cobra
  version: b4dbd37a01839e0653eec12aa4bbb2a2ce7b2a37
- name: github.com/spf13/pflag
  version: e57e3eeb33f795204c1ca35f56c44f83227c6e66
- name: github.com/yashtewari/glob-intersection
  version: 5c77d914dd0ba7bedca923f97232d37137e038f3
- name: golang.org/x/crypto
  version: 64072686203f69e3fd20143576b27200f18ab0fa
  subpackages:
  - ssh/terminal
- name: golang.org/x/lint
  version: 8f45f776aaf18cebc8d65861cc70c33c60471952
  subpackages:
  - golint
- name: golang.org/x/net
  version: ed066c81e75eba56dd9bd2139ade88125b855585
  subpackages:
  - context
  - http/httpguts
  - http2
  - http2/hpack
  - idna
  - internal/timeseries
  - trace
- name: golang.org/x/sys
  version: 054c452bb702e465e95ce8e7a3d9a6cf0cd1188d
  subpackages:
  - unix
  - windows
- name: golang.org/x/text
  version: e6919f6577db79269a6443b9dc46d18f2238fb5d
  subpackages:
  - secure/bidirule
  - transform
  - unicode/bidi
  - unicode/norm
- name: golang.org/x/tools
  version: b2f184786440f9405b57712d13b838784a733759
  subpackages:
  - cmd/goimports
- name: google.golang.org/genproto
  version: ba6ebe99b011be2601b589918138773aac6bdf26
  subpackages:
  - googleapis/rpc/status
- name: google.golang.org/grpc
  version: 8e4536a86ab602859c20df5ebfd0bd4228d08655
  subpackages:
  - balancer
  - balancer/base
  - balancer/roundrobin
  - codes
  - connectivity
  - credentials
  - encoding
  - encoding/proto
  - grpclb/grpc_lb_v1/messages
  - grpclog
  - internal
  - keepalive
  - metadata
  - naming
  - peer
  - resolver
  - resolver/dns
  - resolver/passthrough
  - stats
  - status
  - tap
  - transport
- name: gopkg.in/fsnotify.v1
  version: c2828203cd70a50dcccfb2761f8b1f8ceef9a8e9
- name: gopkg.in/yaml.v2
  version: 51d6538a90f86fe93ac480b35f37b2be17fef232
testImports: []
