hash: 417411711172a0260784727dcadbfffd1cfcd05e108bbfe3c952dd0ccf494c3c
updated: 2019-04-10T01:55:38.016369872-07:00
imports:
- name: github.com/beorn7/perks
  version: 3a771d992973f24aa725d07868b467d1ddfceafb
  subpackages:
  - quantile
- name: github.com/envoyproxy/data-plane-api
  version: 8efc03c1b34b2ff01854436123cdd591b3f02d25
  subpackages:
  - envoy/service/auth/v2alpha
- name: github.com/ghodss/yaml
  version: 25d852aebe32c875e9c044af3eef9c7dc6bc777f
- name: github.com/gobwas/glob
  version: 5ccd90ef52e1e632236f7326478d4faa74f99438
  subpackages:
  - compiler
  - match
  - syntax
  - syntax/ast
  - syntax/lexer
  - util/runes
  - util/strings
- name: github.com/gogo/googleapis
  version: d31c731455cb061f42baff3bda55bad0118b126b
  subpackages:
  - google/rpc
- name: github.com/gogo/protobuf
  version: 382325bbbb4d1c850eec1f3ec92a1a16f502d68b
  subpackages:
  - proto
  - sortkeys
  - types
- name: github.com/golang/lint
  version: 959b441ac422379a43da2230f62be024250818b0
- name: github.com/golang/protobuf
  version: e91709a02e0e8ff8b86b7aa913fdc9ae9498e825
  subpackages:
  - proto
  - ptypes
  - ptypes/any
  - ptypes/duration
  - ptypes/timestamp
- name: github.com/gorilla/mux
  version: c5c6c98bc25355028a63748a498942a6398ccd22
- name: github.com/inconshreveable/mousetrap
  version: 76626ae9c91c4f2a10f34cad8ce83ea42c93bb75
- name: github.com/lyft/protoc-gen-validate
  version: 930a67cf7ba41b9d9436ad7a1be70a5d5ff6e1fc
- name: github.com/mattn/go-runewidth
  version: 703b5e6b11ae25aeb2af9ebb5d5fdf8fa2575211
- name: github.com/matttproud/golang_protobuf_extensions
  version: c182affec369e30f25d3eb8cd8a478dee585ae7d
  subpackages:
  - pbutil
- name: github.com/olekukonko/tablewriter
  version: 7e037d187b0c13d81ccf0dd1c6b990c2759e6597
- name: github.com/OneOfOne/xxhash
  version: c1e3185f167680b62832a0a11938a04b1ab265fc
- name: github.com/open-policy-agent/opa
  version: 0f39c27e2069be20c4a2ec0c8751b6132a681ac1
  subpackages:
  - ast
  - bundle
  - cmd
  - config
  - cover
  - dependencies
  - download
  - format
  - internal/compiler/wasm
  - internal/compiler/wasm/opa
  - internal/ir
  - internal/leb128
  - internal/manifest
  - internal/planner
  - internal/presentation
  - internal/runtime
  - internal/version
  - internal/wasm/constant
  - internal/wasm/encoding
  - internal/wasm/instruction
  - internal/wasm/module
  - internal/wasm/opcode
  - internal/wasm/types
  - loader
  - metrics
  - plugins
  - plugins/bundle
  - plugins/discovery
  - plugins/logs
  - plugins/rest
  - plugins/status
  - profiler
  - rego
  - repl
  - runtime
  - server
  - server/authorizer
  - server/identifier
  - server/types
  - server/writer
  - storage
  - storage/inmem
  - tester
  - topdown
  - topdown/builtins
  - topdown/copypropagation
  - types
  - util
  - version
  - watch
- name: github.com/peterh/liner
  version: bf27d3ba8e1d9899d45a457ffac16c953eb2d647
- name: github.com/pkg/errors
  version: 27936f6d90f9c8e1145f11ed52ffffbfdb9e0af7
- name: github.com/prometheus/client_golang
  version: 8b8c870c3087566adad67b673ddaabb07f26a2c6
  subpackages:
  - prometheus
  - prometheus/internal
  - prometheus/promhttp
- name: github.com/prometheus/client_model
  version: fd36f4220a901265f90734c3183c5f0c91daa0b8
  subpackages:
  - go
- name: github.com/prometheus/common
  version: a82f4c12f983cc2649298185f296632953e50d3e
  subpackages:
  - expfmt
  - internal/bitbucket.org/ww/goautoneg
  - model
- name: github.com/prometheus/procfs
  version: ea9eea63887261e4d8ed8315f4078e88d540c725
- name: github.com/rcrowley/go-metrics
  version: 3113b8401b8a98917cde58f8bbd42a1b1c03b1fd
- name: github.com/sirupsen/logrus
  version: f006c2ac4710855cf0f916dd6b77acf6b048dc6e
- name: github.com/spf13/cobra
  version: b4dbd37a01839e0653eec12aa4bbb2a2ce7b2a37
- name: github.com/spf13/pflag
  version: e57e3eeb33f795204c1ca35f56c44f83227c6e66
- name: github.com/yashtewari/glob-intersection
  version: 5c77d914dd0ba7bedca923f97232d37137e038f3
- name: golang.org/x/crypto
  version: 38d8ce5564a5b71b2e3a00553993f1b9a7ae852f
  subpackages:
  - ssh/terminal
- name: golang.org/x/lint
  version: 959b441ac422379a43da2230f62be024250818b0
  subpackages:
  - golint
- name: golang.org/x/net
  version: eb5bcb51f2a31c7d5141d810b70815c05d9c9146
  subpackages:
  - context
  - http/httpguts
  - http2
  - http2/hpack
  - idna
  - internal/timeseries
  - trace
- name: golang.org/x/sys
  version: 4b34438f7a67ee5f45cc6132e2bad873a20324e9
  subpackages:
  - unix
  - windows
- name: golang.org/x/text
  version: f4905fbd45b6790792202848439271c74074bbfd
  subpackages:
  - secure/bidirule
  - transform
  - unicode/bidi
  - unicode/norm
- name: golang.org/x/tools
  version: 96f2e7ef861b625ecc256679029cf597531360bc
  subpackages:
  - cmd/goimports
- name: google.golang.org/genproto
  version: 64821d5d210748c883cd2b809589555ae4654203
  subpackages:
  - googleapis/rpc/status
- name: google.golang.org/grpc
  version: 8e4536a86ab602859c20df5ebfd0bd4228d08655
  subpackages:
  - balancer
  - balancer/base
  - balancer/roundrobin
  - codes
  - connectivity
  - credentials
  - encoding
  - encoding/proto
  - grpclb/grpc_lb_v1/messages
  - grpclog
  - internal
  - keepalive
  - metadata
  - naming
  - peer
  - resolver
  - resolver/dns
  - resolver/passthrough
  - stats
  - status
  - tap
  - transport
- name: gopkg.in/fsnotify.v1
  version: c2828203cd70a50dcccfb2761f8b1f8ceef9a8e9
- name: gopkg.in/yaml.v2
  version: 51d6538a90f86fe93ac480b35f37b2be17fef232
testImports: []
