hash: 35c27d3b1e6096c0885c649c8653cf1d0183b77f0b0c2063a737f6ccbb9e7e49
updated: 2018-06-22T22:07:46.235263174Z
imports:
- name: github.com/beorn7/perks
  version: 3a771d992973f24aa725d07868b467d1ddfceafb
  subpackages:
  - quantile
- name: github.com/dchest/siphash
  version: 4ebf1de738443ea7f45f02dc394c4df1942a126d
- name: github.com/ghodss/yaml
  version: e9ed3c6dfb39bb1a32197cb10d527906fe4da4b6
- name: github.com/gogo/googleapis
  version: b23578765ee54ff6bceff57f397d833bf4ca6869
  subpackages:
  - google/rpc
- name: github.com/gogo/protobuf
  version: 30cf7ac33676b5786e78c746683f0d4cd64fa75b
  subpackages:
  - gogoproto
  - proto
  - protoc-gen-gogo/descriptor
  - sortkeys
  - types
- name: github.com/golang/lint
  version: 470b6b0bb3005eda157f0275e2e4895055396a81
- name: github.com/golang/protobuf
  version: 9eb2c01ac278a5d89ce4b2be68fe4500955d8179
  subpackages:
  - proto
  - protoc-gen-go/descriptor
  - ptypes
  - ptypes/any
  - ptypes/duration
  - ptypes/timestamp
- name: github.com/gorilla/context
  version: 08b5f424b9271eedf6f9f0ce86cb9396ed337a42
- name: github.com/gorilla/mux
  version: cb4698366aa625048f3b815af6a0dea8aef9280a
- name: github.com/inconshreveable/mousetrap
  version: 76626ae9c91c4f2a10f34cad8ce83ea42c93bb75
- name: github.com/istio/api
  version: c3900719e8f44a2180393b43c4fb8538fd141de1
  subpackages:
  - mixer/v1
- name: github.com/istio/gogo-genproto
  version: e7e4d094a5f0fc3c2245f37ce54ccbbd83fd4355
  subpackages:
  - googleapis/google/rpc
- name: github.com/mattn/go-runewidth
  version: ce7b0b5c7b45a81508558cd1dba6bb1e4ddb51bb
- name: github.com/matttproud/golang_protobuf_extensions
  version: c12348ce28de40eed0136aa2b644d0ee0650e56c
  subpackages:
  - pbutil
- name: github.com/mwitkow/grpc-proxy
  version: 67591eb23c48346a480470e462289835d96f70da
  subpackages:
  - proxy
- name: github.com/olekukonko/tablewriter
  version: d4647c9c7a84d847478d890b816b7d8b62b0b279
- name: github.com/open-policy-agent/opa
  version: 877d39f035d1756b07a6ce8582bf793b7f2c1714
  subpackages:
  - ast
  - bundle
  - cmd
  - cover
  - dependencies
  - format
  - loader
  - metrics
  - plugins
  - plugins/bundle
  - plugins/logs
  - plugins/rest
  - plugins/status
  - rego
  - repl
  - runtime
  - server
  - server/authorizer
  - server/identifier
  - server/types
  - server/writer
  - storage
  - storage/inmem
  - tester
  - topdown
  - topdown/builtins
  - types
  - util
  - version
  - watch
- name: github.com/peterh/liner
  version: bf27d3ba8e1d9899d45a457ffac16c953eb2d647
- name: github.com/pkg/errors
  version: 816c9085562cd7ee03e7f8188a1cfd942858cded
- name: github.com/prometheus/client_golang
  version: faf4ec335fe01ae5a6a0eaa34a5a9333bfbd1a30
  subpackages:
  - prometheus
  - prometheus/promhttp
- name: github.com/prometheus/client_model
  version: 99fa1f4be8e564e8a6b613da7fa6f46c9edafc6c
  subpackages:
  - go
- name: github.com/prometheus/common
  version: 7600349dcfe1abd18d72d3a1770870d9800a7801
  subpackages:
  - expfmt
  - internal/bitbucket.org/ww/goautoneg
  - model
- name: github.com/prometheus/procfs
  version: 7d6f385de8bea29190f15ba9931442a0eaef9af7
  subpackages:
  - internal/util
  - nfs
  - xfs
- name: github.com/rcrowley/go-metrics
  version: e2704e165165ec55d062f5919b4b29494e9fa790
- name: github.com/sirupsen/logrus
  version: f006c2ac4710855cf0f916dd6b77acf6b048dc6e
- name: github.com/spf13/cobra
  version: b4dbd37a01839e0653eec12aa4bbb2a2ce7b2a37
- name: github.com/spf13/pflag
  version: e57e3eeb33f795204c1ca35f56c44f83227c6e66
- name: github.com/yashtewari/glob-intersection
  version: 7af743e8ec8480fee1932a737a406f7ec817f910
- name: golang.org/x/crypto
  version: a49355c7e3f8fe157a85be2f77e6e269a0f89602
  subpackages:
  - ssh/terminal
- name: golang.org/x/lint
  version: 470b6b0bb3005eda157f0275e2e4895055396a81
  subpackages:
  - golint
- name: golang.org/x/net
  version: afe8f62b1d6bbd81f31868121a50b06d8188e1f9
  subpackages:
  - context
  - http/httpguts
  - http2
  - http2/hpack
  - idna
  - internal/timeseries
  - trace
- name: golang.org/x/sys
  version: 63fc586f45fe72d95d5240a5d5eb95e6503907d3
  subpackages:
  - unix
  - windows
- name: golang.org/x/text
  version: 5cec4b58c438bd98288aeb248bab2c1840713d21
  subpackages:
  - secure/bidirule
  - transform
  - unicode/bidi
  - unicode/norm
- name: golang.org/x/tools
  version: 25b95b48224cce18163c7d49dcfb89a2d5ecd209
  subpackages:
  - cmd/goimports
- name: google.golang.org/genproto
  version: 80063a038e333bbe006c878e4c5ce4c74d055498
  subpackages:
  - googleapis/rpc/status
- name: google.golang.org/grpc
  version: 8e4536a86ab602859c20df5ebfd0bd4228d08655
  subpackages:
  - balancer
  - balancer/base
  - balancer/roundrobin
  - codes
  - connectivity
  - credentials
  - encoding
  - encoding/proto
  - grpclb/grpc_lb_v1/messages
  - grpclog
  - internal
  - keepalive
  - metadata
  - naming
  - peer
  - reflection
  - reflection/grpc_reflection_v1alpha
  - resolver
  - resolver/dns
  - resolver/passthrough
  - stats
  - status
  - tap
  - transport
- name: gopkg.in/fsnotify.v1
  version: c2828203cd70a50dcccfb2761f8b1f8ceef9a8e9
- name: gopkg.in/yaml.v2
  version: 5420a8b6744d3b0345ab293f6fcba19c978f1183
testImports: []
